// !$*UTF8*$!
{
	archiveVersion = 1;
	classes = {
	};
	objectVersion = 46;
	objects = {

/* Begin PBXBuildFile section */
		E62FB4A81C3A603700DD3D61 /* main.m in Sources */ = {isa = PBXBuildFile; fileRef = E62FB4A71C3A603700DD3D61 /* main.m */; };
		E62FB4AB1C3A603700DD3D61 /* AppDelegate.m in Sources */ = {isa = PBXBuildFile; fileRef = E62FB4AA1C3A603700DD3D61 /* AppDelegate.m */; };
		E62FB4AE1C3A603700DD3D61 /* ViewController.m in Sources */ = {isa = PBXBuildFile; fileRef = E62FB4AD1C3A603700DD3D61 /* ViewController.m */; };
		E62FB4B11C3A603700DD3D61 /* Main.storyboard in Resources */ = {isa = PBXBuildFile; fileRef = E62FB4AF1C3A603700DD3D61 /* Main.storyboard */; };
		E62FB4B31C3A603700DD3D61 /* Assets.xcassets in Resources */ = {isa = PBXBuildFile; fileRef = E62FB4B21C3A603700DD3D61 /* Assets.xcassets */; };
		E62FB4B61C3A603700DD3D61 /* LaunchScreen.storyboard in Resources */ = {isa = PBXBuildFile; fileRef = E62FB4B41C3A603700DD3D61 /* LaunchScreen.storyboard */; };
		E62FB4C11C3A603800DD3D61 /* AirPrintTest1Tests.m in Sources */ = {isa = PBXBuildFile; fileRef = E62FB4C01C3A603800DD3D61 /* AirPrintTest1Tests.m */; };
		E62FB4CC1C3A603800DD3D61 /* AirPrintTest1UITests.m in Sources */ = {isa = PBXBuildFile; fileRef = E62FB4CB1C3A603800DD3D61 /* AirPrintTest1UITests.m */; };
/* End PBXBuildFile section */

/* Begin PBXContainerItemProxy section */
		E62FB4BD1C3A603800DD3D61 /* PBXContainerItemProxy */ = {
			isa = PBXContainerItemProxy;
			containerPortal = E62FB49B1C3A603700DD3D61 /* Project object */;
			proxyType = 1;
			remoteGlobalIDString = E62FB4A21C3A603700DD3D61;
			remoteInfo = AirPrintTest1;
		};
		E62FB4C81C3A603800DD3D61 /* PBXContainerItemProxy */ = {
			isa = PBXContainerItemProxy;
			containerPortal = E62FB49B1C3A603700DD3D61 /* Project object */;
			proxyType = 1;
			remoteGlobalIDString = E62FB4A21C3A603700DD3D61;
			remoteInfo = AirPrintTest1;
		};
/* End PBXContainerItemProxy section */

/* Begin PBXFileReference section */
		E62FB4A31C3A603700DD3D61 /* AirPrintTest1.app */ = {isa = PBXFileReference; explicitFileType = wrapper.application; includeInIndex = 0; path = AirPrintTest1.app; sourceTree = BUILT_PRODUCTS_DIR; };
		E62FB4A71C3A603700DD3D61 /* main.m */ = {isa = PBXFileReference; lastKnownFileType = sourcecode.c.objc; path = main.m; sourceTree = "<group>"; };
		E62FB4A91C3A603700DD3D61 /* AppDelegate.h */ = {isa = PBXFileReference; lastKnownFileType = sourcecode.c.h; path = AppDelegate.h; sourceTree = "<group>"; };
		E62FB4AA1C3A603700DD3D61 /* AppDelegate.m */ = {isa = PBXFileReference; lastKnownFileType = sourcecode.c.objc; path = AppDelegate.m; sourceTree = "<group>"; };
		E62FB4AC1C3A603700DD3D61 /* ViewController.h */ = {isa = PBXFileReference; lastKnownFileType = sourcecode.c.h; path = ViewController.h; sourceTree = "<group>"; };
		E62FB4AD1C3A603700DD3D61 /* ViewController.m */ = {isa = PBXFileReference; lastKnownFileType = sourcecode.c.objc; path = ViewController.m; sourceTree = "<group>"; };
		E62FB4B01C3A603700DD3D61 /* Base */ = {isa = PBXFileReference; lastKnownFileType = file.storyboard; name = Base; path = Base.lproj/Main.storyboard; sourceTree = "<group>"; };
		E62FB4B21C3A603700DD3D61 /* Assets.xcassets */ = {isa = PBXFileReference; lastKnownFileType = folder.assetcatalog; path = Assets.xcassets; sourceTree = "<group>"; };
		E62FB4B51C3A603700DD3D61 /* Base */ = {isa = PBXFileReference; lastKnownFileType = file.storyboard; name = Base; path = Base.lproj/LaunchScreen.storyboard; sourceTree = "<group>"; };
		E62FB4B71C3A603700DD3D61 /* Info.plist */ = {isa = PBXFileReference; lastKnownFileType = text.plist.xml; path = Info.plist; sourceTree = "<group>"; };
		E62FB4BC1C3A603800DD3D61 /* AirPrintTest1Tests.xctest */ = {isa = PBXFileReference; explicitFileType = wrapper.cfbundle; includeInIndex = 0; path = AirPrintTest1Tests.xctest; sourceTree = BUILT_PRODUCTS_DIR; };
		E62FB4C01C3A603800DD3D61 /* AirPrintTest1Tests.m */ = {isa = PBXFileReference; lastKnownFileType = sourcecode.c.objc; path = AirPrintTest1Tests.m; sourceTree = "<group>"; };
		E62FB4C21C3A603800DD3D61 /* Info.plist */ = {isa = PBXFileReference; lastKnownFileType = text.plist.xml; path = Info.plist; sourceTree = "<group>"; };
		E62FB4C71C3A603800DD3D61 /* AirPrintTest1UITests.xctest */ = {isa = PBXFileReference; explicitFileType = wrapper.cfbundle; includeInIndex = 0; path = AirPrintTest1UITests.xctest; sourceTree = BUILT_PRODUCTS_DIR; };
		E62FB4CB1C3A603800DD3D61 /* AirPrintTest1UITests.m */ = {isa = PBXFileReference; lastKnownFileType = sourcecode.c.objc; path = AirPrintTest1UITests.m; sourceTree = "<group>"; };
		E62FB4CD1C3A603800DD3D61 /* Info.plist */ = {isa = PBXFileReference; lastKnownFileType = text.plist.xml; path = Info.plist; sourceTree = "<group>"; };
/* End PBXFileReference section */

/* Begin PBXFrameworksBuildPhase section */
		E62FB4A01C3A603700DD3D61 /* Frameworks */ = {
			isa = PBXFrameworksBuildPhase;
			buildActionMask = 2147483647;
			files = (
			);
			runOnlyForDeploymentPostprocessing = 0;
		};
		E62FB4B91C3A603800DD3D61 /* Frameworks */ = {
			isa = PBXFrameworksBuildPhase;
			buildActionMask = 2147483647;
			files = (
			);
			runOnlyForDeploymentPostprocessing = 0;
		};
		E62FB4C41C3A603800DD3D61 /* Frameworks */ = {
			isa = PBXFrameworksBuildPhase;
			buildActionMask = 2147483647;
			files = (
			);
			runOnlyForDeploymentPostprocessing = 0;
		};
/* End PBXFrameworksBuildPhase section */

/* Begin PBXGroup section */
		E62FB49A1C3A603700DD3D61 = {
			isa = PBXGroup;
			children = (
				E62FB4A51C3A603700DD3D61 /* AirPrintTest1 */,
				E62FB4BF1C3A603800DD3D61 /* AirPrintTest1Tests */,
				E62FB4CA1C3A603800DD3D61 /* AirPrintTest1UITests */,
				E62FB4A41C3A603700DD3D61 /* Products */,
			);
			sourceTree = "<group>";
		};
		E62FB4A41C3A603700DD3D61 /* Products */ = {
			isa = PBXGroup;
			children = (
				E62FB4A31C3A603700DD3D61 /* AirPrintTest1.app */,
				E62FB4BC1C3A603800DD3D61 /* AirPrintTest1Tests.xctest */,
				E62FB4C71C3A603800DD3D61 /* AirPrintTest1UITests.xctest */,
			);
			name = Products;
			sourceTree = "<group>";
		};
		E62FB4A51C3A603700DD3D61 /* AirPrintTest1 */ = {
			isa = PBXGroup;
			children = (
				E62FB4A91C3A603700DD3D61 /* AppDelegate.h */,
				E62FB4AA1C3A603700DD3D61 /* AppDelegate.m */,
				E62FB4AC1C3A603700DD3D61 /* ViewController.h */,
				E62FB4AD1C3A603700DD3D61 /* ViewController.m */,
				E62FB4AF1C3A603700DD3D61 /* Main.storyboard */,
				E62FB4B21C3A603700DD3D61 /* Assets.xcassets */,
				E62FB4B41C3A603700DD3D61 /* LaunchScreen.storyboard */,
				E62FB4B71C3A603700DD3D61 /* Info.plist */,
				E62FB4A61C3A603700DD3D61 /* Supporting Files */,
			);
			path = AirPrintTest1;
			sourceTree = "<group>";
		};
		E62FB4A61C3A603700DD3D61 /* Supporting Files */ = {
			isa = PBXGroup;
			children = (
				E62FB4A71C3A603700DD3D61 /* main.m */,
			);
			name = "Supporting Files";
			sourceTree = "<group>";
		};
		E62FB4BF1C3A603800DD3D61 /* AirPrintTest1Tests */ = {
			isa = PBXGroup;
			children = (
				E62FB4C01C3A603800DD3D61 /* AirPrintTest1Tests.m */,
				E62FB4C21C3A603800DD3D61 /* Info.plist */,
			);
			path = AirPrintTest1Tests;
			sourceTree = "<group>";
		};
		E62FB4CA1C3A603800DD3D61 /* AirPrintTest1UITests */ = {
			isa = PBXGroup;
			children = (
				E62FB4CB1C3A603800DD3D61 /* AirPrintTest1UITests.m */,
				E62FB4CD1C3A603800DD3D61 /* Info.plist */,
			);
			path = AirPrintTest1UITests;
			sourceTree = "<group>";
		};
/* End PBXGroup section */

/* Begin PBXNativeTarget section */
		E62FB4A21C3A603700DD3D61 /* AirPrintTest1 */ = {
			isa = PBXNativeTarget;
			buildConfigurationList = E62FB4D01C3A603800DD3D61 /* Build configuration list for PBXNativeTarget "AirPrintTest1" */;
			buildPhases = (
				E62FB49F1C3A603700DD3D61 /* Sources */,
				E62FB4A01C3A603700DD3D61 /* Frameworks */,
				E62FB4A11C3A603700DD3D61 /* Resources */,
			);
			buildRules = (
			);
			dependencies = (
			);
			name = AirPrintTest1;
			productName = AirPrintTest1;
			productReference = E62FB4A31C3A603700DD3D61 /* AirPrintTest1.app */;
			productType = "com.apple.product-type.application";
		};
		E62FB4BB1C3A603800DD3D61 /* AirPrintTest1Tests */ = {
			isa = PBXNativeTarget;
			buildConfigurationList = E62FB4D31C3A603800DD3D61 /* Build configuration list for PBXNativeTarget "AirPrintTest1Tests" */;
			buildPhases = (
				E62FB4B81C3A603800DD3D61 /* Sources */,
				E62FB4B91C3A603800DD3D61 /* Frameworks */,
				E62FB4BA1C3A603800DD3D61 /* Resources */,
			);
			buildRules = (
			);
			dependencies = (
				E62FB4BE1C3A603800DD3D61 /* PBXTargetDependency */,
			);
			name = AirPrintTest1Tests;
			productName = AirPrintTest1Tests;
			productReference = E62FB4BC1C3A603800DD3D61 /* AirPrintTest1Tests.xctest */;
			productType = "com.apple.product-type.bundle.unit-test";
		};
		E62FB4C61C3A603800DD3D61 /* AirPrintTest1UITests */ = {
			isa = PBXNativeTarget;
			buildConfigurationList = E62FB4D61C3A603800DD3D61 /* Build configuration list for PBXNativeTarget "AirPrintTest1UITests" */;
			buildPhases = (
				E62FB4C31C3A603800DD3D61 /* Sources */,
				E62FB4C41C3A603800DD3D61 /* Frameworks */,
				E62FB4C51C3A603800DD3D61 /* Resources */,
			);
			buildRules = (
			);
			dependencies = (
				E62FB4C91C3A603800DD3D61 /* PBXTargetDependency */,
			);
			name = AirPrintTest1UITests;
			productName = AirPrintTest1UITests;
			productReference = E62FB4C71C3A603800DD3D61 /* AirPrintTest1UITests.xctest */;
			productType = "com.apple.product-type.bundle.ui-testing";
		};
/* End PBXNativeTarget section */

/* Begin PBXProject section */
		E62FB49B1C3A603700DD3D61 /* Project object */ = {
			isa = PBXProject;
			attributes = {
				LastUpgradeCheck = 0710;
				ORGANIZATIONNAME = itcast;
				TargetAttributes = {
					E62FB4A21C3A603700DD3D61 = {
						CreatedOnToolsVersion = 7.1;
					};
					E62FB4BB1C3A603800DD3D61 = {
						CreatedOnToolsVersion = 7.1;
						TestTargetID = E62FB4A21C3A603700DD3D61;
					};
					E62FB4C61C3A603800DD3D61 = {
						CreatedOnToolsVersion = 7.1;
						TestTargetID = E62FB4A21C3A603700DD3D61;
					};
				};
			};
			buildConfigurationList = E62FB49E1C3A603700DD3D61 /* Build configuration list for PBXProject "AirPrintTest1" */;
			compatibilityVersion = "Xcode 3.2";
			developmentRegion = English;
			hasScannedForEncodings = 0;
			knownRegions = (
				en,
				Base,
			);
			mainGroup = E62FB49A1C3A603700DD3D61;
			productRefGroup = E62FB4A41C3A603700DD3D61 /* Products */;
			projectDirPath = "";
			projectRoot = "";
			targets = (
				E62FB4A21C3A603700DD3D61 /* AirPrintTest1 */,
				E62FB4BB1C3A603800DD3D61 /* AirPrintTest1Tests */,
				E62FB4C61C3A603800DD3D61 /* AirPrintTest1UITests */,
			);
		};
/* End PBXProject section */

/* Begin PBXResourcesBuildPhase section */
		E62FB4A11C3A603700DD3D61 /* Resources */ = {
			isa = PBXResourcesBuildPhase;
			buildActionMask = 2147483647;
			files = (
				E62FB4B61C3A603700DD3D61 /* LaunchScreen.storyboard in Resources */,
				E62FB4B31C3A603700DD3D61 /* Assets.xcassets in Resources */,
				E62FB4B11C3A603700DD3D61 /* Main.storyboard in Resources */,
			);
			runOnlyForDeploymentPostprocessing = 0;
		};
		E62FB4BA1C3A603800DD3D61 /* Resources */ = {
			isa = PBXResourcesBuildPhase;
			buildActionMask = 2147483647;
			files = (
			);
			runOnlyForDeploymentPostprocessing = 0;
		};
		E62FB4C51C3A603800DD3D61 /* Resources */ = {
			isa = PBXResourcesBuildPhase;
			buildActionMask = 2147483647;
			files = (
			);
			runOnlyForDeploymentPostprocessing = 0;
		};
/* End PBXResourcesBuildPhase section */

/* Begin PBXSourcesBuildPhase section */
		E62FB49F1C3A603700DD3D61 /* Sources */ = {
			isa = PBXSourcesBuildPhase;
			buildActionMask = 2147483647;
			files = (
				E62FB4AE1C3A603700DD3D61 /* ViewController.m in Sources */,
				E62FB4AB1C3A603700DD3D61 /* AppDelegate.m in Sources */,
				E62FB4A81C3A603700DD3D61 /* main.m in Sources */,
			);
			runOnlyForDeploymentPostprocessing = 0;
		};
		E62FB4B81C3A603800DD3D61 /* Sources */ = {
			isa = PBXSourcesBuildPhase;
			buildActionMask = 2147483647;
			files = (
				E62FB4C11C3A603800DD3D61 /* AirPrintTest1Tests.m in Sources */,
			);
			runOnlyForDeploymentPostprocessing = 0;
		};
		E62FB4C31C3A603800DD3D61 /* Sources */ = {
			isa = PBXSourcesBuildPhase;
			buildActionMask = 2147483647;
			files = (
				E62FB4CC1C3A603800DD3D61 /* AirPrintTest1UITests.m in Sources */,
			);
			runOnlyForDeploymentPostprocessing = 0;
		};
/* End PBXSourcesBuildPhase section */

/* Begin PBXTargetDependency section */
		E62FB4BE1C3A603800DD3D61 /* PBXTargetDependency */ = {
			isa = PBXTargetDependency;
			target = E62FB4A21C3A603700DD3D61 /* AirPrintTest1 */;
			targetProxy = E62FB4BD1C3A603800DD3D61 /* PBXContainerItemProxy */;
		};
		E62FB4C91C3A603800DD3D61 /* PBXTargetDependency */ = {
			isa = PBXTargetDependency;
			target = E62FB4A21C3A603700DD3D61 /* AirPrintTest1 */;
			targetProxy = E62FB4C81C3A603800DD3D61 /* PBXContainerItemProxy */;
		};
/* End PBXTargetDependency section */

/* Begin PBXVariantGroup section */
		E62FB4AF1C3A603700DD3D61 /* Main.storyboard */ = {
			isa = PBXVariantGroup;
			children = (
				E62FB4B01C3A603700DD3D61 /* Base */,
			);
			name = Main.storyboard;
			sourceTree = "<group>";
		};
		E62FB4B41C3A603700DD3D61 /* LaunchScreen.storyboard */ = {
			isa = PBXVariantGroup;
			children = (
				E62FB4B51C3A603700DD3D61 /* Base */,
			);
			name = LaunchScreen.storyboard;
			sourceTree = "<group>";
		};
/* End PBXVariantGroup section */

/* Begin XCBuildConfiguration section */
		E62FB4CE1C3A603800DD3D61 /* Debug */ = {
			isa = XCBuildConfiguration;
			buildSettings = {
				ALWAYS_SEARCH_USER_PATHS = NO;
				CLANG_CXX_LANGUAGE_STANDARD = "gnu++0x";
				CLANG_CXX_LIBRARY = "libc++";
				CLANG_ENABLE_MODULES = YES;
				CLANG_ENABLE_OBJC_ARC = YES;
				CLANG_WARN_BOOL_CONVERSION = YES;
				CLANG_WARN_CONSTANT_CONVERSION = YES;
				CLANG_WARN_DIRECT_OBJC_ISA_USAGE = YES_ERROR;
				CLANG_WARN_EMPTY_BODY = YES;
				CLANG_WARN_ENUM_CONVERSION = YES;
				CLANG_WARN_INT_CONVERSION = YES;
				CLANG_WARN_OBJC_ROOT_CLASS = YES_ERROR;
				CLANG_WARN_UNREACHABLE_CODE = YES;
				CLANG_WARN__DUPLICATE_METHOD_MATCH = YES;
				"CODE_SIGN_IDENTITY[sdk=iphoneos*]" = "iPhone Developer";
				COPY_PHASE_STRIP = NO;
				DEBUG_INFORMATION_FORMAT = dwarf;
				ENABLE_STRICT_OBJC_MSGSEND = YES;
				ENABLE_TESTABILITY = YES;
				GCC_C_LANGUAGE_STANDARD = gnu99;
				GCC_DYNAMIC_NO_PIC = NO;
				GCC_NO_COMMON_BLOCKS = YES;
				GCC_OPTIMIZATION_LEVEL = 0;
				GCC_PREPROCESSOR_DEFINITIONS = (
					"DEBUG=1",
					"$(inherited)",
				);
				GCC_WARN_64_TO_32_BIT_CONVERSION = YES;
				GCC_WARN_ABOUT_RETURN_TYPE = YES_ERROR;
				GCC_WARN_UNDECLARED_SELECTOR = YES;
				GCC_WARN_UNINITIALIZED_AUTOS = YES_AGGRESSIVE;
				GCC_WARN_UNUSED_FUNCTION = YES;
				GCC_WARN_UNUSED_VARIABLE = YES;
				IPHONEOS_DEPLOYMENT_TARGET = 9.1;
				MTL_ENABLE_DEBUG_INFO = YES;
				ONLY_ACTIVE_ARCH = YES;
				SDKROOT = iphoneos;
			};
			name = Debug;
		};
		E62FB4CF1C3A603800DD3D61 /* Release */ = {
			isa = XCBuildConfiguration;
			buildSettings = {
				ALWAYS_SEARCH_USER_PATHS = NO;
				CLANG_CXX_LANGUAGE_STANDARD = "gnu++0x";
				CLANG_CXX_LIBRARY = "libc++";
				CLANG_ENABLE_MODULES = YES;
				CLANG_ENABLE_OBJC_ARC = YES;
				CLANG_WARN_BOOL_CONVERSION = YES;
				CLANG_WARN_CONSTANT_CONVERSION = YES;
				CLANG_WARN_DIRECT_OBJC_ISA_USAGE = YES_ERROR;
				CLANG_WARN_EMPTY_BODY = YES;
				CLANG_WARN_ENUM_CONVERSION = YES;
				CLANG_WARN_INT_CONVERSION = YES;
				CLANG_WARN_OBJC_ROOT_CLASS = YES_ERROR;
				CLANG_WARN_UNREACHABLE_CODE = YES;
				CLANG_WARN__DUPLICATE_METHOD_MATCH = YES;
				"CODE_SIGN_IDENTITY[sdk=iphoneos*]" = "iPhone Developer";
				COPY_PHASE_STRIP = NO;
				DEBUG_INFORMATION_FORMAT = "dwarf-with-dsym";
				ENABLE_NS_ASSERTIONS = NO;
				ENABLE_STRICT_OBJC_MSGSEND = YES;
				GCC_C_LANGUAGE_STANDARD = gnu99;
				GCC_NO_COMMON_BLOCKS = YES;
				GCC_WARN_64_TO_32_BIT_CONVERSION = YES;
				GCC_WARN_ABOUT_RETURN_TYPE = YES_ERROR;
				GCC_WARN_UNDECLARED_SELECTOR = YES;
				GCC_WARN_UNINITIALIZED_AUTOS = YES_AGGRESSIVE;
				GCC_WARN_UNUSED_FUNCTION = YES;
				GCC_WARN_UNUSED_VARIABLE = YES;
				IPHONEOS_DEPLOYMENT_TARGET = 9.1;
				MTL_ENABLE_DEBUG_INFO = NO;
				SDKROOT = iphoneos;
				VALIDATE_PRODUCT = YES;
			};
			name = Release;
		};
		E62FB4D11C3A603800DD3D61 /* Debug */ = {
			isa = XCBuildConfiguration;
			buildSettings = {
				ASSETCATALOG_COMPILER_APPICON_NAME = AppIcon;
				INFOPLIST_FILE = AirPrintTest1/Info.plist;
				LD_RUNPATH_SEARCH_PATHS = "$(inherited) @executable_path/Frameworks";
				PRODUCT_BUNDLE_IDENTIFIER = cn.itcast.AirPrintTest1;
				PRODUCT_NAME = "$(TARGET_NAME)";
			};
			name = Debug;
		};
		E62FB4D21C3A603800DD3D61 /* Release */ = {
			isa = XCBuildConfiguration;
			buildSettings = {
				ASSETCATALOG_COMPILER_APPICON_NAME = AppIcon;
				INFOPLIST_FILE = AirPrintTest1/Info.plist;
				LD_RUNPATH_SEARCH_PATHS = "$(inherited) @executable_path/Frameworks";
				PRODUCT_BUNDLE_IDENTIFIER = cn.itcast.AirPrintTest1;
				PRODUCT_NAME = "$(TARGET_NAME)";
			};
			name = Release;
		};
		E62FB4D41C3A603800DD3D61 /* Debug */ = {
			isa = XCBuildConfiguration;
			buildSettings = {
				BUNDLE_LOADER = "$(TEST_HOST)";
				INFOPLIST_FILE = AirPrintTest1Tests/Info.plist;
				LD_RUNPATH_SEARCH_PATHS = "$(inherited) @executable_path/Frameworks @loader_path/Frameworks";
				PRODUCT_BUNDLE_IDENTIFIER = cn.itcast.AirPrintTest1Tests;
				PRODUCT_NAME = "$(TARGET_NAME)";
				TEST_HOST = "$(BUILT_PRODUCTS_DIR)/AirPrintTest1.app/AirPrintTest1";
			};
			name = Debug;
		};
		E62FB4D51C3A603800DD3D61 /* Release */ = {
			isa = XCBuildConfiguration;
			buildSettings = {
				BUNDLE_LOADER = "$(TEST_HOST)";
				INFOPLIST_FILE = AirPrintTest1Tests/Info.plist;
				LD_RUNPATH_SEARCH_PATHS = "$(inherited) @executable_path/Frameworks @loader_path/Frameworks";
				PRODUCT_BUNDLE_IDENTIFIER = cn.itcast.AirPrintTest1Tests;
				PRODUCT_NAME = "$(TARGET_NAME)";
				TEST_HOST = "$(BUILT_PRODUCTS_DIR)/AirPrintTest1.app/AirPrintTest1";
			};
			name = Release;
		};
		E62FB4D71C3A603800DD3D61 /* Debug */ = {
			isa = XCBuildConfiguration;
			buildSettings = {
				INFOPLIST_FILE = AirPrintTest1UITests/Info.plist;
				LD_RUNPATH_SEARCH_PATHS = "$(inherited) @executable_path/Frameworks @loader_path/Frameworks";
				PRODUCT_BUNDLE_IDENTIFIER = cn.itcast.AirPrintTest1UITests;
				PRODUCT_NAME = "$(TARGET_NAME)";
				TEST_TARGET_NAME = AirPrintTest1;
				USES_XCTRUNNER = YES;
			};
			name = Debug;
		};
		E62FB4D81C3A603800DD3D61 /* Release */ = {
			isa = XCBuildConfiguration;
			buildSettings = {
				INFOPLIST_FILE = AirPrintTest1UITests/Info.plist;
				LD_RUNPATH_SEARCH_PATHS = "$(inherited) @executable_path/Frameworks @loader_path/Frameworks";
				PRODUCT_BUNDLE_IDENTIFIER = cn.itcast.AirPrintTest1UITests;
				PRODUCT_NAME = "$(TARGET_NAME)";
				TEST_TARGET_NAME = AirPrintTest1;
				USES_XCTRUNNER = YES;
			};
			name = Release;
		};
/* End XCBuildConfiguration section */

/* Begin XCConfigurationList section */
		E62FB49E1C3A603700DD3D61 /* Build configuration list for PBXProject "AirPrintTest1" */ = {
			isa = XCConfigurationList;
			buildConfigurations = (
				E62FB4CE1C3A603800DD3D61 /* Debug */,
				E62FB4CF1C3A603800DD3D61 /* Release */,
			);
			defaultConfigurationIsVisible = 0;
			defaultConfigurationName = Release;
		};
		E62FB4D01C3A603800DD3D61 /* Build configuration list for PBXNativeTarget "AirPrintTest1" */ = {
			isa = XCConfigurationList;
			buildConfigurations = (
				E62FB4D11C3A603800DD3D61 /* Debug */,
				E62FB4D21C3A603800DD3D61 /* Release */,
			);
			defaultConfigurationIsVisible = 0;
		};
		E62FB4D31C3A603800DD3D61 /* Build configuration list for PBXNativeTarget "AirPrintTest1Tests" */ = {
			isa = XCConfigurationList;
			buildConfigurations = (
				E62FB4D41C3A603800DD3D61 /* Debug */,
				E62FB4D51C3A603800DD3D61 /* Release */,
			);
			defaultConfigurationIsVisible = 0;
		};
		E62FB4D61C3A603800DD3D61 /* Build configuration list for PBXNativeTarget "AirPrintTest1UITests" */ = {
			isa = XCConfigurationList;
			buildConfigurations = (
				E62FB4D71C3A603800DD3D61 /* Debug */,
				E62FB4D81C3A603800DD3D61 /* Release */,
			);
			defaultConfigurationIsVisible = 0;
		};
/* End XCConfigurationList section */
	};
	rootObject = E62FB49B1C3A603700DD3D61 /* Project object */;
}
